// !$*UTF8*$!
{
	archiveVersion = 1;
	classes = {
	};
	objectVersion = 46;
	objects = {

/* Begin PBXBuildFile section */
		7BE875A41C58A275008597F4 /* main.m in Sources */ = {isa = PBXBuildFile; fileRef = 7BE875A31C58A275008597F4 /* main.m */; };
		7BE875A71C58A275008597F4 /* AppDelegate.m in Sources */ = {isa = PBXBuildFile; fileRef = 7BE875A61C58A275008597F4 /* AppDelegate.m */; };
		7BE875AD1C58A275008597F4 /* Main.storyboard in Resources */ = {isa = PBXBuildFile; fileRef = 7BE875AB1C58A275008597F4 /* Main.storyboard */; };
		7BE875B01C58A275008597F4 /* today.xcdatamodeld in Sources */ = {isa = PBXBuildFile; fileRef = 7BE875AE1C58A275008597F4 /* today.xcdatamodeld */; };
		7BE875B21C58A275008597F4 /* Assets.xcassets in Resources */ = {isa = PBXBuildFile; fileRef = 7BE875B11C58A275008597F4 /* Assets.xcassets */; };
		7BE875B51C58A275008597F4 /* LaunchScreen.storyboard in Resources */ = {isa = PBXBuildFile; fileRef = 7BE875B31C58A275008597F4 /* LaunchScreen.storyboard */; };
		7BE875BD1C58C875008597F4 /* star_faved@2x.png in Resources */ = {isa = PBXBuildFile; fileRef = 7BE875BC1C58C875008597F4 /* star_faved@2x.png */; settings = {ASSET_TAGS = (); }; };
		7BE875BF1C58C883008597F4 /* iconfont-favorite.png in Resources */ = {isa = PBXBuildFile; fileRef = 7BE875BE1C58C883008597F4 /* iconfont-favorite.png */; settings = {ASSET_TAGS = (); }; };
		7BFCF8A21C59F1FA00A7013F /* QZTableViewController.m in Sources */ = {isa = PBXBuildFile; fileRef = 7BFCF8A11C59F1FA00A7013F /* QZTableViewController.m */; settings = {ASSET_TAGS = (); }; };
/* End PBXBuildFile section */

/* Begin PBXFileReference section */
		7BE8759F1C58A275008597F4 /* today.app */ = {isa = PBXFileReference; explicitFileType = wrapper.application; includeInIndex = 0; path = today.app; sourceTree = BUILT_PRODUCTS_DIR; };
		7BE875A31C58A275008597F4 /* main.m */ = {isa = PBXFileReference; lastKnownFileType = sourcecode.c.objc; path = main.m; sourceTree = "<group>"; };
		7BE875A51C58A275008597F4 /* AppDelegate.h */ = {isa = PBXFileReference; lastKnownFileType = sourcecode.c.h; name = AppDelegate.h; path = ../AppDelegate.h; sourceTree = "<group>"; };
		7BE875A61C58A275008597F4 /* AppDelegate.m */ = {isa = PBXFileReference; lastKnownFileType = sourcecode.c.objc; name = AppDelegate.m; path = ../AppDelegate.m; sourceTree = "<group>"; };
		7BE875AC1C58A275008597F4 /* Base */ = {isa = PBXFileReference; lastKnownFileType = file.storyboard; name = Base; path = Base.lproj/Main.storyboard; sourceTree = "<group>"; };
		7BE875AF1C58A275008597F4 /* today.xcdatamodel */ = {isa = PBXFileReference; lastKnownFileType = wrapper.xcdatamodel; path = today.xcdatamodel; sourceTree = "<group>"; };
		7BE875B11C58A275008597F4 /* Assets.xcassets */ = {isa = PBXFileReference; lastKnownFileType = folder.assetcatalog; path = Assets.xcassets; sourceTree = "<group>"; };
		7BE875B41C58A275008597F4 /* Base */ = {isa = PBXFileReference; lastKnownFileType = file.storyboard; name = Base; path = Base.lproj/LaunchScreen.storyboard; sourceTree = "<group>"; };
		7BE875B61C58A275008597F4 /* Info.plist */ = {isa = PBXFileReference; lastKnownFileType = text.plist.xml; path = Info.plist; sourceTree = "<group>"; };
		7BE875BC1C58C875008597F4 /* star_faved@2x.png */ = {isa = PBXFileReference; lastKnownFileType = image.png; name = "star_faved@2x.png"; path = "../../../star_faved@2x.png"; sourceTree = "<group>"; };
		7BE875BE1C58C883008597F4 /* iconfont-favorite.png */ = {isa = PBXFileReference; lastKnownFileType = image.png; name = "iconfont-favorite.png"; path = "../../../iconfont-favorite.png"; sourceTree = "<group>"; };
		7BFCF8A01C59F1FA00A7013F /* QZTableViewController.h */ = {isa = PBXFileReference; fileEncoding = 4; lastKnownFileType = sourcecode.c.h; path = QZTableViewController.h; sourceTree = "<group>"; };
		7BFCF8A11C59F1FA00A7013F /* QZTableViewController.m */ = {isa = PBXFileReference; fileEncoding = 4; lastKnownFileType = sourcecode.c.objc; path = QZTableViewController.m; sourceTree = "<group>"; };
/* End PBXFileReference section */

/* Begin PBXFrameworksBuildPhase section */
		7BE8759C1C58A275008597F4 /* Frameworks */ = {
			isa = PBXFrameworksBuildPhase;
			buildActionMask = 2147483647;
			files = (
			);
			runOnlyForDeploymentPostprocessing = 0;
		};
/* End PBXFrameworksBuildPhase section */

/* Begin PBXGroup section */
		7BE875961C58A275008597F4 = {
			isa = PBXGroup;
			children = (
				7BE875A11C58A275008597F4 /* today */,
				7BE875A01C58A275008597F4 /* Products */,
			);
			sourceTree = "<group>";
		};
		7BE875A01C58A275008597F4 /* Products */ = {
			isa = PBXGroup;
			children = (
				7BE8759F1C58A275008597F4 /* today.app */,
			);
			name = Products;
			sourceTree = "<group>";
		};
		7BE875A11C58A275008597F4 /* today */ = {
			isa = PBXGroup;
			children = (
				7BFCF8871C59F19200A7013F /* APP */,
				7BFCF8881C59F19200A7013F /* GateGory */,
				7BFCF8891C59F19200A7013F /* General */,
				7BFCF88C1C59F19200A7013F /* Heper */,
				7BFCF88D1C59F19200A7013F /* Resoure */,
				7BFCF88E1C59F19200A7013F /* Section */,
				7BFCF89F1C59F19200A7013F /* Verder */,
				7BE875AB1C58A275008597F4 /* Main.storyboard */,
				7BE875B11C58A275008597F4 /* Assets.xcassets */,
				7BE875B31C58A275008597F4 /* LaunchScreen.storyboard */,
				7BE875B61C58A275008597F4 /* Info.plist */,
				7BE875AE1C58A275008597F4 /* today.xcdatamodeld */,
				7BE875A21C58A275008597F4 /* Supporting Files */,
			);
			path = today;
			sourceTree = "<group>";
		};
		7BE875A21C58A275008597F4 /* Supporting Files */ = {
			isa = PBXGroup;
			children = (
				7BE875A31C58A275008597F4 /* main.m */,
			);
			name = "Supporting Files";
			sourceTree = "<group>";
		};
		7BFCF8871C59F19200A7013F /* APP */ = {
			isa = PBXGroup;
			children = (
				7BE875A51C58A275008597F4 /* AppDelegate.h */,
				7BE875A61C58A275008597F4 /* AppDelegate.m */,
			);
			path = APP;
			sourceTree = "<group>";
		};
		7BFCF8881C59F19200A7013F /* GateGory */ = {
			isa = PBXGroup;
			children = (
			);
			path = GateGory;
			sourceTree = "<group>";
		};
		7BFCF8891C59F19200A7013F /* General */ = {
			isa = PBXGroup;
			children = (
				7BFCF88A1C59F19200A7013F /* image */,
			);
			path = General;
			sourceTree = "<group>";
		};
		7BFCF88A1C59F19200A7013F /* image */ = {
			isa = PBXGroup;
			children = (
				7BFCF88B1C59F19200A7013F /* Icon */,
			);
			path = image;
			sourceTree = "<group>";
		};
		7BFCF88B1C59F19200A7013F /* Icon */ = {
			isa = PBXGroup;
			children = (
				7BE875BE1C58C883008597F4 /* iconfont-favorite.png */,
				7BE875BC1C58C875008597F4 /* star_faved@2x.png */,
			);
			path = Icon;
			sourceTree = "<group>";
		};
		7BFCF88C1C59F19200A7013F /* Heper */ = {
			isa = PBXGroup;
			children = (
			);
			path = Heper;
			sourceTree = "<group>";
		};
		7BFCF88D1C59F19200A7013F /* Resoure */ = {
			isa = PBXGroup;
			children = (
			);
			path = Resoure;
			sourceTree = "<group>";
		};
		7BFCF88E1C59F19200A7013F /* Section */ = {
			isa = PBXGroup;
			children = (
				7BFCF88F1C59F19200A7013F /* find */,
				7BFCF8931C59F19200A7013F /* fluent */,
				7BFCF8971C59F19200A7013F /* Mine */,
				7BFCF89B1C59F19200A7013F /* video */,
			);
			path = Section;
			sourceTree = "<group>";
		};
		7BFCF88F1C59F19200A7013F /* find */ = {
			isa = PBXGroup;
			children = (
				7BFCF8901C59F19200A7013F /* Controller */,
				7BFCF8911C59F19200A7013F /* Model */,
				7BFCF8921C59F19200A7013F /* Value */,
			);
			path = find;
			sourceTree = "<group>";
		};
		7BFCF8901C59F19200A7013F /* Controller */ = {
			isa = PBXGroup;
			children = (
			);
			path = Controller;
			sourceTree = "<group>";
		};
		7BFCF8911C59F19200A7013F /* Model */ = {
			isa = PBXGroup;
			children = (
			);
			path = Model;
			sourceTree = "<group>";
		};
		7BFCF8921C59F19200A7013F /* Value */ = {
			isa = PBXGroup;
			children = (
			);
			path = Value;
			sourceTree = "<group>";
		};
		7BFCF8931C59F19200A7013F /* fluent */ = {
			isa = PBXGroup;
			children = (
				7BFCF8941C59F19200A7013F /* Controller */,
				7BFCF8951C59F19200A7013F /* Model */,
				7BFCF8961C59F19200A7013F /* Value */,
			);
			path = fluent;
			sourceTree = "<group>";
		};
		7BFCF8941C59F19200A7013F /* Controller */ = {
			isa = PBXGroup;
			children = (
				7BFCF8A01C59F1FA00A7013F /* QZTableViewController.h */,
				7BFCF8A11C59F1FA00A7013F /* QZTableViewController.m */,
			);
			path = Controller;
			sourceTree = "<group>";
		};
		7BFCF8951C59F19200A7013F /* Model */ = {
			isa = PBXGroup;
			children = (
			);
			path = Model;
			sourceTree = "<group>";
		};
		7BFCF8961C59F19200A7013F /* Value */ = {
			isa = PBXGroup;
			children = (
			);
			path = Value;
			sourceTree = "<group>";
		};
		7BFCF8971C59F19200A7013F /* Mine */ = {
			isa = PBXGroup;
			children = (
				7BFCF8981C59F19200A7013F /* Controller */,
				7BFCF8991C59F19200A7013F /* Model */,
				7BFCF89A1C59F19200A7013F /* Value */,
			);
			path = Mine;
			sourceTree = "<group>";
		};
		7BFCF8981C59F19200A7013F /* Controller */ = {
			isa = PBXGroup;
			children = (
			);
			path = Controller;
			sourceTree = "<group>";
		};
		7BFCF8991C59F19200A7013F /* Model */ = {
			isa = PBXGroup;
			children = (
			);
			path = Model;
			sourceTree = "<group>";
		};
		7BFCF89A1C59F19200A7013F /* Value */ = {
			isa = PBXGroup;
			children = (
			);
			path = Value;
			sourceTree = "<group>";
		};
		7BFCF89B1C59F19200A7013F /* video */ = {
			isa = PBXGroup;
			children = (
				7BFCF89C1C59F19200A7013F /* Controller */,
				7BFCF89D1C59F19200A7013F /* Model */,
				7BFCF89E1C59F19200A7013F /* Value */,
			);
			path = video;
			sourceTree = "<group>";
		};
		7BFCF89C1C59F19200A7013F /* Controller */ = {
			isa = PBXGroup;
			children = (
			);
			path = Controller;
			sourceTree = "<group>";
		};
		7BFCF89D1C59F19200A7013F /* Model */ = {
			isa = PBXGroup;
			children = (
			);
			path = Model;
			sourceTree = "<group>";
		};
		7BFCF89E1C59F19200A7013F /* Value */ = {
			isa = PBXGroup;
			children = (
			);
			path = Value;
			sourceTree = "<group>";
		};
		7BFCF89F1C59F19200A7013F /* Verder */ = {
			isa = PBXGroup;
			children = (
			);
			path = Verder;
			sourceTree = "<group>";
		};
/* End PBXGroup section */

/* Begin PBXNativeTarget section */
		7BE8759E1C58A275008597F4 /* today */ = {
			isa = PBXNativeTarget;
			buildConfigurationList = 7BE875B91C58A275008597F4 /* Build configuration list for PBXNativeTarget "today" */;
			buildPhases = (
				7BE8759B1C58A275008597F4 /* Sources */,
				7BE8759C1C58A275008597F4 /* Frameworks */,
				7BE8759D1C58A275008597F4 /* Resources */,
			);
			buildRules = (
			);
			dependencies = (
			);
			name = today;
			productName = today;
			productReference = 7BE8759F1C58A275008597F4 /* today.app */;
			productType = "com.apple.product-type.application";
		};
/* End PBXNativeTarget section */

/* Begin PBXProject section */
		7BE875971C58A275008597F4 /* Project object */ = {
			isa = PBXProject;
			attributes = {
				LastUpgradeCheck = 0700;
				ORGANIZATIONNAME = "王辉";
				TargetAttributes = {
					7BE8759E1C58A275008597F4 = {
						CreatedOnToolsVersion = 7.0;
						DevelopmentTeam = 3L472845FS;
					};
				};
			};
			buildConfigurationList = 7BE8759A1C58A275008597F4 /* Build configuration list for PBXProject "today" */;
			compatibilityVersion = "Xcode 3.2";
			developmentRegion = English;
			hasScannedForEncodings = 0;
			knownRegions = (
				en,
				Base,
			);
			mainGroup = 7BE875961C58A275008597F4;
			productRefGroup = 7BE875A01C58A275008597F4 /* Products */;
			projectDirPath = "";
			projectRoot = "";
			targets = (
				7BE8759E1C58A275008597F4 /* today */,
			);
		};
/* End PBXProject section */

/* Begin PBXResourcesBuildPhase section */
		7BE8759D1C58A275008597F4 /* Resources */ = {
			isa = PBXResourcesBuildPhase;
			buildActionMask = 2147483647;
			files = (
				7BE875BF1C58C883008597F4 /* iconfont-favorite.png in Resources */,
				7BE875B51C58A275008597F4 /* LaunchScreen.storyboard in Resources */,
				7BE875BD1C58C875008597F4 /* star_faved@2x.png in Resources */,
				7BE875B21C58A275008597F4 /* Assets.xcassets in Resources */,
				7BE875AD1C58A275008597F4 /* Main.storyboard in Resources */,
			);
			runOnlyForDeploymentPostprocessing = 0;
		};
/* End PBXResourcesBuildPhase section */

/* Begin PBXSourcesBuildPhase section */
		7BE8759B1C58A275008597F4 /* Sources */ = {
			isa = PBXSourcesBuildPhase;
			buildActionMask = 2147483647;
			files = (
				7BE875A71C58A275008597F4 /* AppDelegate.m in Sources */,
				7BFCF8A21C59F1FA00A7013F /* QZTableViewController.m in Sources */,
				7BE875A41C58A275008597F4 /* main.m in Sources */,
				7BE875B01C58A275008597F4 /* today.xcdatamodeld in Sources */,
			);
			runOnlyForDeploymentPostprocessing = 0;
		};
/* End PBXSourcesBuildPhase section */

/* Begin PBXVariantGroup section */
		7BE875AB1C58A275008597F4 /* Main.storyboard */ = {
			isa = PBXVariantGroup;
			children = (
				7BE875AC1C58A275008597F4 /* Base */,
			);
			name = Main.storyboard;
			sourceTree = "<group>";
		};
		7BE875B31C58A275008597F4 /* LaunchScreen.storyboard */ = {
			isa = PBXVariantGroup;
			children = (
				7BE875B41C58A275008597F4 /* Base */,
			);
			name = LaunchScreen.storyboard;
			sourceTree = "<group>";
		};
/* End PBXVariantGroup section */

/* Begin XCBuildConfiguration section */
		7BE875B71C58A275008597F4 /* Debug */ = {
			isa = XCBuildConfiguration;
			buildSettings = {
				ALWAYS_SEARCH_USER_PATHS = NO;
				CLANG_CXX_LANGUAGE_STANDARD = "gnu++0x";
				CLANG_CXX_LIBRARY = "libc++";
				CLANG_ENABLE_MODULES = YES;
				CLANG_ENABLE_OBJC_ARC = YES;
				CLANG_WARN_BOOL_CONVERSION = YES;
				CLANG_WARN_CONSTANT_CONVERSION = YES;
				CLANG_WARN_DIRECT_OBJC_ISA_USAGE = YES_ERROR;
				CLANG_WARN_EMPTY_BODY = YES;
				CLANG_WARN_ENUM_CONVERSION = YES;
				CLANG_WARN_INT_CONVERSION = YES;
				CLANG_WARN_OBJC_ROOT_CLASS = YES_ERROR;
				CLANG_WARN_UNREACHABLE_CODE = YES;
				CLANG_WARN__DUPLICATE_METHOD_MATCH = YES;
				"CODE_SIGN_IDENTITY[sdk=iphoneos*]" = "iPhone Developer";
				COPY_PHASE_STRIP = NO;
				DEBUG_INFORMATION_FORMAT = dwarf;
				ENABLE_STRICT_OBJC_MSGSEND = YES;
				ENABLE_TESTABILITY = YES;
				GCC_C_LANGUAGE_STANDARD = gnu99;
				GCC_DYNAMIC_NO_PIC = NO;
				GCC_NO_COMMON_BLOCKS = YES;
				GCC_OPTIMIZATION_LEVEL = 0;
				GCC_PREPROCESSOR_DEFINITIONS = (
					"DEBUG=1",
					"$(inherited)",
				);
				GCC_WARN_64_TO_32_BIT_CONVERSION = YES;
				GCC_WARN_ABOUT_RETURN_TYPE = YES_ERROR;
				GCC_WARN_UNDECLARED_SELECTOR = YES;
				GCC_WARN_UNINITIALIZED_AUTOS = YES_AGGRESSIVE;
				GCC_WARN_UNUSED_FUNCTION = YES;
				GCC_WARN_UNUSED_VARIABLE = YES;
				IPHONEOS_DEPLOYMENT_TARGET = 9.0;
				MTL_ENABLE_DEBUG_INFO = YES;
				ONLY_ACTIVE_ARCH = YES;
				SDKROOT = iphoneos;
			};
			name = Debug;
		};
		7BE875B81C58A275008597F4 /* Release */ = {
			isa = XCBuildConfiguration;
			buildSettings = {
				ALWAYS_SEARCH_USER_PATHS = NO;
				CLANG_CXX_LANGUAGE_STANDARD = "gnu++0x";
				CLANG_CXX_LIBRARY = "libc++";
				CLANG_ENABLE_MODULES = YES;
				CLANG_ENABLE_OBJC_ARC = YES;
				CLANG_WARN_BOOL_CONVERSION = YES;
				CLANG_WARN_CONSTANT_CONVERSION = YES;
				CLANG_WARN_DIRECT_OBJC_ISA_USAGE = YES_ERROR;
				CLANG_WARN_EMPTY_BODY = YES;
				CLANG_WARN_ENUM_CONVERSION = YES;
				CLANG_WARN_INT_CONVERSION = YES;
				CLANG_WARN_OBJC_ROOT_CLASS = YES_ERROR;
				CLANG_WARN_UNREACHABLE_CODE = YES;
				CLANG_WARN__DUPLICATE_METHOD_MATCH = YES;
				"CODE_SIGN_IDENTITY[sdk=iphoneos*]" = "iPhone Developer";
				COPY_PHASE_STRIP = NO;
				DEBUG_INFORMATION_FORMAT = "dwarf-with-dsym";
				ENABLE_NS_ASSERTIONS = NO;
				ENABLE_STRICT_OBJC_MSGSEND = YES;
				GCC_C_LANGUAGE_STANDARD = gnu99;
				GCC_NO_COMMON_BLOCKS = YES;
				GCC_WARN_64_TO_32_BIT_CONVERSION = YES;
				GCC_WARN_ABOUT_RETURN_TYPE = YES_ERROR;
				GCC_WARN_UNDECLARED_SELECTOR = YES;
				GCC_WARN_UNINITIALIZED_AUTOS = YES_AGGRESSIVE;
				GCC_WARN_UNUSED_FUNCTION = YES;
				GCC_WARN_UNUSED_VARIABLE = YES;
				IPHONEOS_DEPLOYMENT_TARGET = 9.0;
				MTL_ENABLE_DEBUG_INFO = NO;
				SDKROOT = iphoneos;
				VALIDATE_PRODUCT = YES;
			};
			name = Release;
		};
		7BE875BA1C58A275008597F4 /* Debug */ = {
			isa = XCBuildConfiguration;
			buildSettings = {
				ASSETCATALOG_COMPILER_APPICON_NAME = AppIcon;
				INFOPLIST_FILE = today/Info.plist;
				LD_RUNPATH_SEARCH_PATHS = "$(inherited) @executable_path/Frameworks";
				PRODUCT_BUNDLE_IDENTIFIER = com.wanghui.today;
				PRODUCT_NAME = "$(TARGET_NAME)";
			};
			name = Debug;
		};
		7BE875BB1C58A275008597F4 /* Release */ = {
			isa = XCBuildConfiguration;
			buildSettings = {
				ASSETCATALOG_COMPILER_APPICON_NAME = AppIcon;
				INFOPLIST_FILE = today/Info.plist;
				LD_RUNPATH_SEARCH_PATHS = "$(inherited) @executable_path/Frameworks";
				PRODUCT_BUNDLE_IDENTIFIER = com.wanghui.today;
				PRODUCT_NAME = "$(TARGET_NAME)";
			};
			name = Release;
		};
/* End XCBuildConfiguration section */

/* Begin XCConfigurationList section */
		7BE8759A1C58A275008597F4 /* Build configuration list for PBXProject "today" */ = {
			isa = XCConfigurationList;
			buildConfigurations = (
				7BE875B71C58A275008597F4 /* Debug */,
				7BE875B81C58A275008597F4 /* Release */,
			);
			defaultConfigurationIsVisible = 0;
			defaultConfigurationName = Release;
		};
		7BE875B91C58A275008597F4 /* Build configuration list for PBXNativeTarget "today" */ = {
			isa = XCConfigurationList;
			buildConfigurations = (
				7BE875BA1C58A275008597F4 /* Debug */,
				7BE875BB1C58A275008597F4 /* Release */,
			);
			defaultConfigurationIsVisible = 0;
			defaultConfigurationName = Release;
		};
/* End XCConfigurationList section */

/* Begin XCVersionGroup section */
		7BE875AE1C58A275008597F4 /* today.xcdatamodeld */ = {
			isa = XCVersionGroup;
			children = (
				7BE875AF1C58A275008597F4 /* today.xcdatamodel */,
			);
			currentVersion = 7BE875AF1C58A275008597F4 /* today.xcdatamodel */;
			path = today.xcdatamodeld;
			sourceTree = "<group>";
			versionGroupType = wrapper.xcdatamodel;
		};
/* End XCVersionGroup section */
	};
	rootObject = 7BE875971C58A275008597F4 /* Project object */;
}
